
Microsoft Visual Studio Solution File, Format Version 12.00
# Visual Studio 15
VisualStudioVersion = 15.0.28307.102
MinimumVisualStudioVersion = 10.0.40219.1
Project("{FAE04EC0-301F-11D3-BF4B-00C04F79EFBC}") = "ScratchPad.Android", "ScratchPad\ScratchPad.Android\ScratchPad.Android.csproj", "{456E32E3-FB26-49AE-BE1A-5C46C3638BBF}"
EndProject
Project("{FAE04EC0-301F-11D3-BF4B-00C04F79EFBC}") = "ScratchPad.iOS", "ScratchPad\ScratchPad.iOS\ScratchPad.iOS.csproj", "{6645E054-B4B4-462A-AFC4-A43457BE7DAC}"
EndProject
Project("{FAE04EC0-301F-11D3-BF4B-00C04F79EFBC}") = "ScratchPad", "ScratchPad\ScratchPad\ScratchPad.csproj", "{C228342F-F0ED-41ED-8AF0-3CD6E0B25158}"
EndProject
Global
	GlobalSection(SolutionConfigurationPlatforms) = preSolution
		Ad-Hoc|Any CPU = Ad-Hoc|Any CPU
		Ad-Hoc|iPhone = Ad-Hoc|iPhone
		Ad-Hoc|iPhoneSimulator = Ad-Hoc|iPhoneSimulator
		AppStore|Any CPU = AppStore|Any CPU
		AppStore|iPhone = AppStore|iPhone
		AppStore|iPhoneSimulator = AppStore|iPhoneSimulator
		Debug|Any CPU = Debug|Any CPU
		Debug|iPhone = Debug|iPhone
		Debug|iPhoneSimulator = Debug|iPhoneSimulator
		Release|Any CPU = Release|Any CPU
		Release|iPhone = Release|iPhone
		Release|iPhoneSimulator = Release|iPhoneSimulator
	EndGlobalSection
	GlobalSection(ProjectConfigurationPlatforms) = postSolution
		{456E32E3-FB26-49AE-BE1A-5C46C3638BBF}.Ad-Hoc|Any CPU.ActiveCfg = Release|Any CPU
		{456E32E3-FB26-49AE-BE1A-5C46C3638BBF}.Ad-Hoc|Any CPU.Build.0 = Release|Any CPU
		{456E32E3-FB26-49AE-BE1A-5C46C3638BBF}.Ad-Hoc|Any CPU.Deploy.0 = Release|Any CPU
		{456E32E3-FB26-49AE-BE1A-5C46C3638BBF}.Ad-Hoc|iPhone.ActiveCfg = Release|Any CPU
		{456E32E3-FB26-49AE-BE1A-5C46C3638BBF}.Ad-Hoc|iPhone.Build.0 = Release|Any CPU
		{456E32E3-FB26-49AE-BE1A-5C46C3638BBF}.Ad-Hoc|iPhone.Deploy.0 = Release|Any CPU
		{456E32E3-FB26-49AE-BE1A-5C46C3638BBF}.Ad-Hoc|iPhoneSimulator.ActiveCfg = Release|Any CPU
		{456E32E3-FB26-49AE-BE1A-5C46C3638BBF}.Ad-Hoc|iPhoneSimulator.Build.0 = Release|Any CPU
		{456E32E3-FB26-49AE-BE1A-5C46C3638BBF}.Ad-Hoc|iPhoneSimulator.Deploy.0 = Release|Any CPU
		{456E32E3-FB26-49AE-BE1A-5C46C3638BBF}.AppStore|Any CPU.ActiveCfg = Release|Any CPU
		{456E32E3-FB26-49AE-BE1A-5C46C3638BBF}.AppStore|Any CPU.Build.0 = Release|Any CPU
		{456E32E3-FB26-49AE-BE1A-5C46C3638BBF}.AppStore|Any CPU.Deploy.0 = Release|Any CPU
		{456E32E3-FB26-49AE-BE1A-5C46C3638BBF}.AppStore|iPhone.ActiveCfg = Release|Any CPU
		{456E32E3-FB26-49AE-BE1A-5C46C3638BBF}.AppStore|iPhone.Build.0 = Release|Any CPU
		{456E32E3-FB26-49AE-BE1A-5C46C3638BBF}.AppStore|iPhone.Deploy.0 = Release|Any CPU
		{456E32E3-FB26-49AE-BE1A-5C46C3638BBF}.AppStore|iPhoneSimulator.ActiveCfg = Release|Any CPU
		{456E32E3-FB26-49AE-BE1A-5C46C3638BBF}.AppStore|iPhoneSimulator.Build.0 = Release|Any CPU
		{456E32E3-FB26-49AE-BE1A-5C46C3638BBF}.AppStore|iPhoneSimulator.Deploy.0 = Release|Any CPU
		{456E32E3-FB26-49AE-BE1A-5C46C3638BBF}.Debug|Any CPU.ActiveCfg = Debug|Any CPU
		{456E32E3-FB26-49AE-BE1A-5C46C3638BBF}.Debug|Any CPU.Build.0 = Debug|Any CPU
		{456E32E3-FB26-49AE-BE1A-5C46C3638BBF}.Debug|Any CPU.Deploy.0 = Debug|Any CPU
		{456E32E3-FB26-49AE-BE1A-5C46C3638BBF}.Debug|iPhone.ActiveCfg = Debug|Any CPU
		{456E32E3-FB26-49AE-BE1A-5C46C3638BBF}.Debug|iPhone.Build.0 = Debug|Any CPU
		{456E32E3-FB26-49AE-BE1A-5C46C3638BBF}.Debug|iPhone.Deploy.0 = Debug|Any CPU
		{456E32E3-FB26-49AE-BE1A-5C46C3638BBF}.Debug|iPhoneSimulator.ActiveCfg = Debug|Any CPU
		{456E32E3-FB26-49AE-BE1A-5C46C3638BBF}.Debug|iPhoneSimulator.Build.0 = Debug|Any CPU
		{456E32E3-FB26-49AE-BE1A-5C46C3638BBF}.Debug|iPhoneSimulator.Deploy.0 = Debug|Any CPU
		{456E32E3-FB26-49AE-BE1A-5C46C3638BBF}.Release|Any CPU.ActiveCfg = Release|Any CPU
		{456E32E3-FB26-49AE-BE1A-5C46C3638BBF}.Release|Any CPU.Build.0 = Release|Any CPU
		{456E32E3-FB26-49AE-BE1A-5C46C3638BBF}.Release|Any CPU.Deploy.0 = Release|Any CPU
		{456E32E3-FB26-49AE-BE1A-5C46C3638BBF}.Release|iPhone.ActiveCfg = Release|Any CPU
		{456E32E3-FB26-49AE-BE1A-5C46C3638BBF}.Release|iPhone.Build.0 = Release|Any CPU
		{456E32E3-FB26-49AE-BE1A-5C46C3638BBF}.Release|iPhone.Deploy.0 = Release|Any CPU
		{456E32E3-FB26-49AE-BE1A-5C46C3638BBF}.Release|iPhoneSimulator.ActiveCfg = Release|Any CPU
		{456E32E3-FB26-49AE-BE1A-5C46C3638BBF}.Release|iPhoneSimulator.Build.0 = Release|Any CPU
		{456E32E3-FB26-49AE-BE1A-5C46C3638BBF}.Release|iPhoneSimulator.Deploy.0 = Release|Any CPU
		{6645E054-B4B4-462A-AFC4-A43457BE7DAC}.Ad-Hoc|Any CPU.ActiveCfg = Ad-Hoc|iPhone
		{6645E054-B4B4-462A-AFC4-A43457BE7DAC}.Ad-Hoc|Any CPU.Build.0 = Ad-Hoc|iPhone
		{6645E054-B4B4-462A-AFC4-A43457BE7DAC}.Ad-Hoc|Any CPU.Deploy.0 = Ad-Hoc|iPhone
		{6645E054-B4B4-462A-AFC4-A43457BE7DAC}.Ad-Hoc|iPhone.ActiveCfg = Ad-Hoc|iPhone
		{6645E054-B4B4-462A-AFC4-A43457BE7DAC}.Ad-Hoc|iPhone.Build.0 = Ad-Hoc|iPhone
		{6645E054-B4B4-462A-AFC4-A43457BE7DAC}.Ad-Hoc|iPhone.Deploy.0 = Ad-Hoc|iPhone
		{6645E054-B4B4-462A-AFC4-A43457BE7DAC}.Ad-Hoc|iPhoneSimulator.ActiveCfg = Ad-Hoc|iPhoneSimulator
		{6645E054-B4B4-462A-AFC4-A43457BE7DAC}.Ad-Hoc|iPhoneSimulator.Build.0 = Ad-Hoc|iPhoneSimulator
		{6645E054-B4B4-462A-AFC4-A43457BE7DAC}.Ad-Hoc|iPhoneSimulator.Deploy.0 = Ad-Hoc|iPhoneSimulator
		{6645E054-B4B4-462A-AFC4-A43457BE7DAC}.AppStore|Any CPU.ActiveCfg = AppStore|iPhone
		{6645E054-B4B4-462A-AFC4-A43457BE7DAC}.AppStore|Any CPU.Build.0 = AppStore|iPhone
		{6645E054-B4B4-462A-AFC4-A43457BE7DAC}.AppStore|Any CPU.Deploy.0 = AppStore|iPhone
		{6645E054-B4B4-462A-AFC4-A43457BE7DAC}.AppStore|iPhone.ActiveCfg = AppStore|iPhone
		{6645E054-B4B4-462A-AFC4-A43457BE7DAC}.AppStore|iPhone.Build.0 = AppStore|iPhone
		{6645E054-B4B4-462A-AFC4-A43457BE7DAC}.AppStore|iPhone.Deploy.0 = AppStore|iPhone
		{6645E054-B4B4-462A-AFC4-A43457BE7DAC}.AppStore|iPhoneSimulator.ActiveCfg = AppStore|iPhoneSimulator
		{6645E054-B4B4-462A-AFC4-A43457BE7DAC}.AppStore|iPhoneSimulator.Build.0 = AppStore|iPhoneSimulator
		{6645E054-B4B4-462A-AFC4-A43457BE7DAC}.AppStore|iPhoneSimulator.Deploy.0 = AppStore|iPhoneSimulator
		{6645E054-B4B4-462A-AFC4-A43457BE7DAC}.Debug|Any CPU.ActiveCfg = Debug|iPhoneSimulator
		{6645E054-B4B4-462A-AFC4-A43457BE7DAC}.Debug|Any CPU.Build.0 = Debug|iPhoneSimulator
		{6645E054-B4B4-462A-AFC4-A43457BE7DAC}.Debug|Any CPU.Deploy.0 = Debug|iPhoneSimulator
		{6645E054-B4B4-462A-AFC4-A43457BE7DAC}.Debug|iPhone.ActiveCfg = Debug|iPhone
		{6645E054-B4B4-462A-AFC4-A43457BE7DAC}.Debug|iPhone.Build.0 = Debug|iPhone
		{6645E054-B4B4-462A-AFC4-A43457BE7DAC}.Debug|iPhone.Deploy.0 = Debug|iPhone
		{6645E054-B4B4-462A-AFC4-A43457BE7DAC}.Debug|iPhoneSimulator.ActiveCfg = Debug|iPhoneSimulator
		{6645E054-B4B4-462A-AFC4-A43457BE7DAC}.Debug|iPhoneSimulator.Build.0 = Debug|iPhoneSimulator
		{6645E054-B4B4-462A-AFC4-A43457BE7DAC}.Debug|iPhoneSimulator.Deploy.0 = Debug|iPhoneSimulator
		{6645E054-B4B4-462A-AFC4-A43457BE7DAC}.Release|Any CPU.ActiveCfg = Release|iPhone
		{6645E054-B4B4-462A-AFC4-A43457BE7DAC}.Release|Any CPU.Build.0 = Release|iPhone
		{6645E054-B4B4-462A-AFC4-A43457BE7DAC}.Release|Any CPU.Deploy.0 = Release|iPhone
		{6645E054-B4B4-462A-AFC4-A43457BE7DAC}.Release|iPhone.ActiveCfg = Release|iPhone
		{6645E054-B4B4-462A-AFC4-A43457BE7DAC}.Release|iPhone.Build.0 = Release|iPhone
		{6645E054-B4B4-462A-AFC4-A43457BE7DAC}.Release|iPhone.Deploy.0 = Release|iPhone
		{6645E054-B4B4-462A-AFC4-A43457BE7DAC}.Release|iPhoneSimulator.ActiveCfg = Release|iPhoneSimulator
		{6645E054-B4B4-462A-AFC4-A43457BE7DAC}.Release|iPhoneSimulator.Build.0 = Release|iPhoneSimulator
		{6645E054-B4B4-462A-AFC4-A43457BE7DAC}.Release|iPhoneSimulator.Deploy.0 = Release|iPhoneSimulator
		{C228342F-F0ED-41ED-8AF0-3CD6E0B25158}.Ad-Hoc|Any CPU.ActiveCfg = Debug|Any CPU
		{C228342F-F0ED-41ED-8AF0-3CD6E0B25158}.Ad-Hoc|Any CPU.Build.0 = Debug|Any CPU
		{C228342F-F0ED-41ED-8AF0-3CD6E0B25158}.Ad-Hoc|Any CPU.Deploy.0 = Debug|Any CPU
		{C228342F-F0ED-41ED-8AF0-3CD6E0B25158}.Ad-Hoc|iPhone.ActiveCfg = Debug|Any CPU
		{C228342F-F0ED-41ED-8AF0-3CD6E0B25158}.Ad-Hoc|iPhone.Build.0 = Debug|Any CPU
		{C228342F-F0ED-41ED-8AF0-3CD6E0B25158}.Ad-Hoc|iPhone.Deploy.0 = Debug|Any CPU
		{C228342F-F0ED-41ED-8AF0-3CD6E0B25158}.Ad-Hoc|iPhoneSimulator.ActiveCfg = Debug|Any CPU
		{C228342F-F0ED-41ED-8AF0-3CD6E0B25158}.Ad-Hoc|iPhoneSimulator.Build.0 = Debug|Any CPU
		{C228342F-F0ED-41ED-8AF0-3CD6E0B25158}.Ad-Hoc|iPhoneSimulator.Deploy.0 = Debug|Any CPU
		{C228342F-F0ED-41ED-8AF0-3CD6E0B25158}.AppStore|Any CPU.ActiveCfg = Debug|Any CPU
		{C228342F-F0ED-41ED-8AF0-3CD6E0B25158}.AppStore|Any CPU.Build.0 = Debug|Any CPU
		{C228342F-F0ED-41ED-8AF0-3CD6E0B25158}.AppStore|Any CPU.Deploy.0 = Debug|Any CPU
		{C228342F-F0ED-41ED-8AF0-3CD6E0B25158}.AppStore|iPhone.ActiveCfg = Debug|Any CPU
		{C228342F-F0ED-41ED-8AF0-3CD6E0B25158}.AppStore|iPhone.Build.0 = Debug|Any CPU
		{C228342F-F0ED-41ED-8AF0-3CD6E0B25158}.AppStore|iPhone.Deploy.0 = Debug|Any CPU
		{C228342F-F0ED-41ED-8AF0-3CD6E0B25158}.AppStore|iPhoneSimulator.ActiveCfg = Debug|Any CPU
		{C228342F-F0ED-41ED-8AF0-3CD6E0B25158}.AppStore|iPhoneSimulator.Build.0 = Debug|Any CPU
		{C228342F-F0ED-41ED-8AF0-3CD6E0B25158}.AppStore|iPhoneSimulator.Deploy.0 = Debug|Any CPU
		{C228342F-F0ED-41ED-8AF0-3CD6E0B25158}.Debug|Any CPU.ActiveCfg = Debug|Any CPU
		{C228342F-F0ED-41ED-8AF0-3CD6E0B25158}.Debug|Any CPU.Build.0 = Debug|Any CPU
		{C228342F-F0ED-41ED-8AF0-3CD6E0B25158}.Debug|Any CPU.Deploy.0 = Debug|Any CPU
		{C228342F-F0ED-41ED-8AF0-3CD6E0B25158}.Debug|iPhone.ActiveCfg = Debug|Any CPU
		{C228342F-F0ED-41ED-8AF0-3CD6E0B25158}.Debug|iPhone.Build.0 = Debug|Any CPU
		{C228342F-F0ED-41ED-8AF0-3CD6E0B25158}.Debug|iPhone.Deploy.0 = Debug|Any CPU
		{C228342F-F0ED-41ED-8AF0-3CD6E0B25158}.Debug|iPhoneSimulator.ActiveCfg = Debug|Any CPU
		{C228342F-F0ED-41ED-8AF0-3CD6E0B25158}.Debug|iPhoneSimulator.Build.0 = Debug|Any CPU
		{C228342F-F0ED-41ED-8AF0-3CD6E0B25158}.Debug|iPhoneSimulator.Deploy.0 = Debug|Any CPU
		{C228342F-F0ED-41ED-8AF0-3CD6E0B25158}.Release|Any CPU.ActiveCfg = Release|Any CPU
		{C228342F-F0ED-41ED-8AF0-3CD6E0B25158}.Release|Any CPU.Build.0 = Release|Any CPU
		{C228342F-F0ED-41ED-8AF0-3CD6E0B25158}.Release|Any CPU.Deploy.0 = Release|Any CPU
		{C228342F-F0ED-41ED-8AF0-3CD6E0B25158}.Release|iPhone.ActiveCfg = Release|Any CPU
		{C228342F-F0ED-41ED-8AF0-3CD6E0B25158}.Release|iPhone.Build.0 = Release|Any CPU
		{C228342F-F0ED-41ED-8AF0-3CD6E0B25158}.Release|iPhone.Deploy.0 = Release|Any CPU
		{C228342F-F0ED-41ED-8AF0-3CD6E0B25158}.Release|iPhoneSimulator.ActiveCfg = Release|Any CPU
		{C228342F-F0ED-41ED-8AF0-3CD6E0B25158}.Release|iPhoneSimulator.Build.0 = Release|Any CPU
		{C228342F-F0ED-41ED-8AF0-3CD6E0B25158}.Release|iPhoneSimulator.Deploy.0 = Release|Any CPU
	EndGlobalSection
	GlobalSection(SolutionProperties) = preSolution
		HideSolutionNode = FALSE
	EndGlobalSection
	GlobalSection(ExtensibilityGlobals) = postSolution
		SolutionGuid = {7F999FE2-D85C-4C17-873A-42C41B1EA63C}
	EndGlobalSection
EndGlobal
